{
  "version": 4,
  "terraform_version": "1.10.5",
  "serial": 5,
  "lineage": "b71cda8e-4115-f1a4-b45c-b6ca41e36e35",
  "outputs": {},
  "resources": [
    {
      "mode": "managed",
      "type": "github_branch",
      "name": "first",
      "provider": "provider[\"registry.terraform.io/integrations/github\"]",
      "instances": [
        {
          "schema_version": 0,
          "attributes": {
            "branch": "PrimeraRama",
            "etag": "W/\"d86821715789717ae4da07fb33c9968a7abfe93fddba9dcbfbd1cbbed407486a\"",
            "id": "RepoTerraform:PrimeraRama",
            "ref": "refs/heads/PrimeraRama",
            "repository": "RepoTerraform",
            "sha": "6c06250a8ee3db59f03e9316115669bfc6b75d9e",
            "source_branch": "main",
            "source_sha": "6c06250a8ee3db59f03e9316115669bfc6b75d9e"
          },
          "sensitive_attributes": [],
          "private": "bnVsbA==",
          "dependencies": [
            "github_repository.example"
          ]
        }
      ]
    },
    {
      "mode": "managed",
      "type": "github_branch",
      "name": "second",
      "provider": "provider[\"registry.terraform.io/integrations/github\"]",
      "instances": [
        {
          "schema_version": 0,
          "attributes": {
            "branch": "SegundaRama",
            "etag": "W/\"f31e76fb6d8a1e409f22e9f539dd53435580d4f9a7c8b4a254b8dfde9a47dd83\"",
            "id": "RepoTerraform:SegundaRama",
            "ref": "refs/heads/SegundaRama",
            "repository": "RepoTerraform",
            "sha": "6c06250a8ee3db59f03e9316115669bfc6b75d9e",
            "source_branch": "main",
            "source_sha": "6c06250a8ee3db59f03e9316115669bfc6b75d9e"
          },
          "sensitive_attributes": [],
          "private": "bnVsbA==",
          "dependencies": [
            "github_repository.example"
          ]
        }
      ]
    },
    {
      "mode": "managed",
      "type": "github_branch",
      "name": "third",
      "provider": "provider[\"registry.terraform.io/integrations/github\"]",
      "instances": [
        {
          "schema_version": 0,
          "attributes": {
            "branch": "TerceraRama",
            "etag": "W/\"d1b72049928b4972bee2d37c89eccbebbe63d445104dbcd8d8a12202b7bed9ad\"",
            "id": "RepoTerraform:TerceraRama",
            "ref": "refs/heads/TerceraRama",
            "repository": "RepoTerraform",
            "sha": "6c06250a8ee3db59f03e9316115669bfc6b75d9e",
            "source_branch": "main",
            "source_sha": "6c06250a8ee3db59f03e9316115669bfc6b75d9e"
          },
          "sensitive_attributes": [],
          "private": "bnVsbA==",
          "dependencies": [
            "github_repository.example"
          ]
        }
      ]
    },
    {
      "mode": "managed",
      "type": "github_repository",
      "name": "example",
      "provider": "provider[\"registry.terraform.io/integrations/github\"]",
      "instances": [
        {
          "schema_version": 1,
          "attributes": {
            "allow_auto_merge": false,
            "allow_merge_commit": true,
            "allow_rebase_merge": true,
            "allow_squash_merge": true,
            "allow_update_branch": false,
            "archive_on_destroy": null,
            "archived": false,
            "auto_init": true,
            "default_branch": "main",
            "delete_branch_on_merge": false,
            "description": "Repositorio creado por terraform",
            "etag": "W/\"eb96cb7a45af3814119cc0efd9125dca36c992d709f7e39fa1769a0772285198\"",
            "full_name": "JuanMahecha05/RepoTerraform",
            "git_clone_url": "git://github.com/JuanMahecha05/RepoTerraform.git",
            "gitignore_template": null,
            "has_discussions": false,
            "has_downloads": false,
            "has_issues": false,
            "has_projects": false,
            "has_wiki": false,
            "homepage_url": "",
            "html_url": "https://github.com/JuanMahecha05/RepoTerraform",
            "http_clone_url": "https://github.com/JuanMahecha05/RepoTerraform.git",
            "id": "RepoTerraform",
            "ignore_vulnerability_alerts_during_read": null,
            "is_template": false,
            "license_template": null,
            "merge_commit_message": "PR_TITLE",
            "merge_commit_title": "MERGE_MESSAGE",
            "name": "RepoTerraform",
            "node_id": "R_kgDON8dUuA",
            "pages": [],
            "primary_language": "",
            "private": false,
            "repo_id": 935810232,
            "security_and_analysis": [
              {
                "advanced_security": [],
                "secret_scanning": [
                  {
                    "status": "enabled"
                  }
                ],
                "secret_scanning_push_protection": [
                  {
                    "status": "enabled"
                  }
                ]
              }
            ],
            "squash_merge_commit_message": "COMMIT_MESSAGES",
            "squash_merge_commit_title": "COMMIT_OR_PR_TITLE",
            "ssh_clone_url": "git@github.com:JuanMahecha05/RepoTerraform.git",
            "svn_url": "https://github.com/JuanMahecha05/RepoTerraform",
            "template": [],
            "topics": [],
            "visibility": "public",
            "vulnerability_alerts": false,
            "web_commit_signoff_required": false
          },
          "sensitive_attributes": [],
          "private": "eyJzY2hlbWFfdmVyc2lvbiI6IjEifQ=="
        }
      ]
    }
  ],
  "check_results": null
}
